
Microsoft Visual Studio Solution File, Format Version 12.00
# Visual Studio Version 17
VisualStudioVersion = 17.10.36631.13
MinimumVisualStudioVersion = 10.0.40219.1
Project("{FAE04EC0-301F-11D3-BF4B-00C04F79EFBC}") = "ClientMicroService", "ClientMicroService\ClientMicroService.csproj", "{DA3B61CB-2154-42BD-8514-164EBC2D8F2F}"
EndProject
Project("{FAE04EC0-301F-11D3-BF4B-00C04F79EFBC}") = "CoachMicroService", "CoachMicroService\CoachMicroService.csproj", "{4A0C162E-2214-4824-821B-88F8A2E2BB59}"
EndProject
Project("{FAE04EC0-301F-11D3-BF4B-00C04F79EFBC}") = "SeasonCardMicroService", "SeasonCardMicroService\SeasonCardMicroService.csproj", "{FE5773E4-E21E-43F9-A32C-85A93ADD6B5F}"
EndProject
Global
	GlobalSection(SolutionConfigurationPlatforms) = preSolution
		Debug|Any CPU = Debug|Any CPU
		Release|Any CPU = Release|Any CPU
	EndGlobalSection
	GlobalSection(ProjectConfigurationPlatforms) = postSolution
		{DA3B61CB-2154-42BD-8514-164EBC2D8F2F}.Debug|Any CPU.ActiveCfg = Debug|Any CPU
		{DA3B61CB-2154-42BD-8514-164EBC2D8F2F}.Debug|Any CPU.Build.0 = Debug|Any CPU
		{DA3B61CB-2154-42BD-8514-164EBC2D8F2F}.Release|Any CPU.ActiveCfg = Release|Any CPU
		{DA3B61CB-2154-42BD-8514-164EBC2D8F2F}.Release|Any CPU.Build.0 = Release|Any CPU
		{4A0C162E-2214-4824-821B-88F8A2E2BB59}.Debug|Any CPU.ActiveCfg = Debug|Any CPU
		{4A0C162E-2214-4824-821B-88F8A2E2BB59}.Debug|Any CPU.Build.0 = Debug|Any CPU
		{4A0C162E-2214-4824-821B-88F8A2E2BB59}.Release|Any CPU.ActiveCfg = Release|Any CPU
		{4A0C162E-2214-4824-821B-88F8A2E2BB59}.Release|Any CPU.Build.0 = Release|Any CPU
		{FE5773E4-E21E-43F9-A32C-85A93ADD6B5F}.Debug|Any CPU.ActiveCfg = Debug|Any CPU
		{FE5773E4-E21E-43F9-A32C-85A93ADD6B5F}.Debug|Any CPU.Build.0 = Debug|Any CPU
		{FE5773E4-E21E-43F9-A32C-85A93ADD6B5F}.Release|Any CPU.ActiveCfg = Release|Any CPU
		{FE5773E4-E21E-43F9-A32C-85A93ADD6B5F}.Release|Any CPU.Build.0 = Release|Any CPU
	EndGlobalSection
	GlobalSection(SolutionProperties) = preSolution
		HideSolutionNode = FALSE
	EndGlobalSection
	GlobalSection(ExtensibilityGlobals) = postSolution
		SolutionGuid = {6801E72B-709F-4BA2-BB8C-9D0FD465E836}
	EndGlobalSection
EndGlobal
