
Microsoft Visual Studio Solution File, Format Version 12.00
# Visual Studio Version 17
VisualStudioVersion = 17.10.36631.13
MinimumVisualStudioVersion = 10.0.40219.1
Project("{9A19103F-16F7-4668-BE54-9A1E7A4F7556}") = "ClientMicroService", "ClientMicroService.csproj", "{794F70BB-1752-48A5-A99C-BCE0E0513568}"
EndProject
Project("{9A19103F-16F7-4668-BE54-9A1E7A4F7556}") = "AuthMicroService", "..\AuthMicroService\AuthMicroService.csproj", "{93E5B992-DAFF-4BA5-B8AC-8372D8258DF5}"
EndProject
Project("{9A19103F-16F7-4668-BE54-9A1E7A4F7556}") = "CoachMicroService", "..\CoachMicroService\CoachMicroService.csproj", "{24F37857-FC1E-4B13-A714-D92A256CC77E}"
EndProject
Global
	GlobalSection(SolutionConfigurationPlatforms) = preSolution
		Debug|Any CPU = Debug|Any CPU
		Release|Any CPU = Release|Any CPU
	EndGlobalSection
	GlobalSection(ProjectConfigurationPlatforms) = postSolution
		{794F70BB-1752-48A5-A99C-BCE0E0513568}.Debug|Any CPU.ActiveCfg = Debug|Any CPU
		{794F70BB-1752-48A5-A99C-BCE0E0513568}.Debug|Any CPU.Build.0 = Debug|Any CPU
		{794F70BB-1752-48A5-A99C-BCE0E0513568}.Release|Any CPU.ActiveCfg = Release|Any CPU
		{794F70BB-1752-48A5-A99C-BCE0E0513568}.Release|Any CPU.Build.0 = Release|Any CPU
		{93E5B992-DAFF-4BA5-B8AC-8372D8258DF5}.Debug|Any CPU.ActiveCfg = Debug|Any CPU
		{93E5B992-DAFF-4BA5-B8AC-8372D8258DF5}.Debug|Any CPU.Build.0 = Debug|Any CPU
		{93E5B992-DAFF-4BA5-B8AC-8372D8258DF5}.Release|Any CPU.ActiveCfg = Release|Any CPU
		{93E5B992-DAFF-4BA5-B8AC-8372D8258DF5}.Release|Any CPU.Build.0 = Release|Any CPU
		{24F37857-FC1E-4B13-A714-D92A256CC77E}.Debug|Any CPU.ActiveCfg = Debug|Any CPU
		{24F37857-FC1E-4B13-A714-D92A256CC77E}.Debug|Any CPU.Build.0 = Debug|Any CPU
		{24F37857-FC1E-4B13-A714-D92A256CC77E}.Release|Any CPU.ActiveCfg = Release|Any CPU
		{24F37857-FC1E-4B13-A714-D92A256CC77E}.Release|Any CPU.Build.0 = Release|Any CPU
	EndGlobalSection
	GlobalSection(SolutionProperties) = preSolution
		HideSolutionNode = FALSE
	EndGlobalSection
	GlobalSection(ExtensibilityGlobals) = postSolution
		SolutionGuid = {4BD47AA3-F3BF-4F09-80B8-9D9EC65EAC1D}
	EndGlobalSection
EndGlobal
