
Microsoft Visual Studio Solution File, Format Version 12.00
# Visual Studio Version 17
VisualStudioVersion = 17.10.36631.13
MinimumVisualStudioVersion = 10.0.40219.1
Project("{FAE04EC0-301F-11D3-BF4B-00C04F79EFBC}") = "SeasonCardMicroService", "SeasonCardMicroService.csproj", "{333C804A-B6A3-4631-AB7B-219C6978CAEF}"
EndProject
Global
	GlobalSection(SolutionConfigurationPlatforms) = preSolution
		Debug|Any CPU = Debug|Any CPU
		Release|Any CPU = Release|Any CPU
	EndGlobalSection
	GlobalSection(ProjectConfigurationPlatforms) = postSolution
		{333C804A-B6A3-4631-AB7B-219C6978CAEF}.Debug|Any CPU.ActiveCfg = Debug|Any CPU
		{333C804A-B6A3-4631-AB7B-219C6978CAEF}.Debug|Any CPU.Build.0 = Debug|Any CPU
		{333C804A-B6A3-4631-AB7B-219C6978CAEF}.Release|Any CPU.ActiveCfg = Release|Any CPU
		{333C804A-B6A3-4631-AB7B-219C6978CAEF}.Release|Any CPU.Build.0 = Release|Any CPU
	EndGlobalSection
	GlobalSection(SolutionProperties) = preSolution
		HideSolutionNode = FALSE
	EndGlobalSection
	GlobalSection(ExtensibilityGlobals) = postSolution
		SolutionGuid = {84672876-1CCB-460F-82BF-AE9F43DE7C38}
	EndGlobalSection
EndGlobal
