
Microsoft Visual Studio Solution File, Format Version 12.00
# Visual Studio Version 17
VisualStudioVersion = 17.10.36631.13
MinimumVisualStudioVersion = 10.0.40219.1
Project("{FAE04EC0-301F-11D3-BF4B-00C04F79EFBC}") = "ClientService.API", "ClientService.API\ClientService.API.csproj", "{FE97952D-F147-4C21-8509-CA436BF20B55}"
EndProject
Project("{FAE04EC0-301F-11D3-BF4B-00C04F79EFBC}") = "ClientService.Business", "ClientService.Business\ClientService.Business.csproj", "{5A6A1C6D-91B0-4302-B039-C9C46E2E924A}"
EndProject
Project("{FAE04EC0-301F-11D3-BF4B-00C04F79EFBC}") = "ClientService.DataAccess", "ClientService.DataAccess\ClientService.DataAccess.csproj", "{519ED8B4-E925-49B2-9EE7-591975A304F4}"
EndProject
Global
	GlobalSection(SolutionConfigurationPlatforms) = preSolution
		Debug|Any CPU = Debug|Any CPU
		Release|Any CPU = Release|Any CPU
	EndGlobalSection
	GlobalSection(ProjectConfigurationPlatforms) = postSolution
		{FE97952D-F147-4C21-8509-CA436BF20B55}.Debug|Any CPU.ActiveCfg = Debug|Any CPU
		{FE97952D-F147-4C21-8509-CA436BF20B55}.Debug|Any CPU.Build.0 = Debug|Any CPU
		{FE97952D-F147-4C21-8509-CA436BF20B55}.Release|Any CPU.ActiveCfg = Release|Any CPU
		{FE97952D-F147-4C21-8509-CA436BF20B55}.Release|Any CPU.Build.0 = Release|Any CPU
		{5A6A1C6D-91B0-4302-B039-C9C46E2E924A}.Debug|Any CPU.ActiveCfg = Debug|Any CPU
		{5A6A1C6D-91B0-4302-B039-C9C46E2E924A}.Debug|Any CPU.Build.0 = Debug|Any CPU
		{5A6A1C6D-91B0-4302-B039-C9C46E2E924A}.Release|Any CPU.ActiveCfg = Release|Any CPU
		{5A6A1C6D-91B0-4302-B039-C9C46E2E924A}.Release|Any CPU.Build.0 = Release|Any CPU
		{519ED8B4-E925-49B2-9EE7-591975A304F4}.Debug|Any CPU.ActiveCfg = Debug|Any CPU
		{519ED8B4-E925-49B2-9EE7-591975A304F4}.Debug|Any CPU.Build.0 = Debug|Any CPU
		{519ED8B4-E925-49B2-9EE7-591975A304F4}.Release|Any CPU.ActiveCfg = Release|Any CPU
		{519ED8B4-E925-49B2-9EE7-591975A304F4}.Release|Any CPU.Build.0 = Release|Any CPU
	EndGlobalSection
	GlobalSection(SolutionProperties) = preSolution
		HideSolutionNode = FALSE
	EndGlobalSection
	GlobalSection(ExtensibilityGlobals) = postSolution
		SolutionGuid = {0CEFC34D-958B-49A4-8295-7DFE032EE9F4}
	EndGlobalSection
EndGlobal
