
Microsoft Visual Studio Solution File, Format Version 12.00
# Visual Studio Version 17
VisualStudioVersion = 17.10.36631.13
MinimumVisualStudioVersion = 10.0.40219.1
Project("{FAE04EC0-301F-11D3-BF4B-00C04F79EFBC}") = "AuthMicroService", "AuthMicroService.csproj", "{9FF9FDAA-B9A2-4F8B-85D4-A543B7311F51}"
EndProject
Global
	GlobalSection(SolutionConfigurationPlatforms) = preSolution
		Debug|Any CPU = Debug|Any CPU
		Release|Any CPU = Release|Any CPU
	EndGlobalSection
	GlobalSection(ProjectConfigurationPlatforms) = postSolution
		{9FF9FDAA-B9A2-4F8B-85D4-A543B7311F51}.Debug|Any CPU.ActiveCfg = Debug|Any CPU
		{9FF9FDAA-B9A2-4F8B-85D4-A543B7311F51}.Debug|Any CPU.Build.0 = Debug|Any CPU
		{9FF9FDAA-B9A2-4F8B-85D4-A543B7311F51}.Release|Any CPU.ActiveCfg = Release|Any CPU
		{9FF9FDAA-B9A2-4F8B-85D4-A543B7311F51}.Release|Any CPU.Build.0 = Release|Any CPU
	EndGlobalSection
	GlobalSection(SolutionProperties) = preSolution
		HideSolutionNode = FALSE
	EndGlobalSection
	GlobalSection(ExtensibilityGlobals) = postSolution
		SolutionGuid = {17FC2F72-22C5-4C9E-BAA8-59C885C96C06}
	EndGlobalSection
EndGlobal
