
Microsoft Visual Studio Solution File, Format Version 12.00
# Visual Studio Version 17
VisualStudioVersion = 17.10.36631.13
MinimumVisualStudioVersion = 10.0.40219.1
Project("{FAE04EC0-301F-11D3-BF4B-00C04F79EFBC}") = "AuthMicroService", "AuthMicroService.csproj", "{0CE5FE08-749A-4F17-B3A9-910C27C933AD}"
EndProject
Global
	GlobalSection(SolutionConfigurationPlatforms) = preSolution
		Debug|Any CPU = Debug|Any CPU
		Release|Any CPU = Release|Any CPU
	EndGlobalSection
	GlobalSection(ProjectConfigurationPlatforms) = postSolution
		{0CE5FE08-749A-4F17-B3A9-910C27C933AD}.Debug|Any CPU.ActiveCfg = Debug|Any CPU
		{0CE5FE08-749A-4F17-B3A9-910C27C933AD}.Debug|Any CPU.Build.0 = Debug|Any CPU
		{0CE5FE08-749A-4F17-B3A9-910C27C933AD}.Release|Any CPU.ActiveCfg = Release|Any CPU
		{0CE5FE08-749A-4F17-B3A9-910C27C933AD}.Release|Any CPU.Build.0 = Release|Any CPU
	EndGlobalSection
	GlobalSection(SolutionProperties) = preSolution
		HideSolutionNode = FALSE
	EndGlobalSection
	GlobalSection(ExtensibilityGlobals) = postSolution
		SolutionGuid = {A46BE045-C3CB-48FD-B01C-284467AFBD67}
	EndGlobalSection
EndGlobal
